# This file is automatically @generated by Cargo.
# It is not intended for manual editing.
version = 3

[[package]]
name = "brim"
version = "4.0.0"
dependencies = [
 "sarge",
]

[[package]]
name = "sarge"
version = "7.0.1"
source = "registry+https://github.com/rust-lang/crates.io-index"
checksum = "2fbed0b142027fef12ae0d5ba12e1a830834f148006ec3bc7433cbfff421d6bf"
