# This file is automatically @generated by Cargo.
# It is not intended for manual editing.
version = 3

[[package]]
name = "brim"
version = "4.1.0"
dependencies = [
 "sarge",
]

[[package]]
name = "sarge"
version = "7.2.3"
source = "registry+https://github.com/rust-lang/crates.io-index"
checksum = "418dc5382129de2daa733d2ba8dd0f2c84c584127935e8dbe2d9a5e65dfe8048"
