# This file is automatically @generated by Cargo.
# It is not intended for manual editing.
version = 4

[[package]]
name = "brim"
version = "4.2.1"
dependencies = [
 "sarge",
]

[[package]]
name = "sarge"
version = "7.2.5"
source = "registry+https://github.com/rust-lang/crates.io-index"
checksum = "2096e40214337b2293fa4c3eb63c5376b57f4247cbbaf6d0af477f1d36ac21d9"
